
Microsoft Visual Studio Solution File, Format Version 12.00
# Visual Studio Version 16
VisualStudioVersion = 16.0.29503.13
MinimumVisualStudioVersion = 10.0.40219.1
Project("{FAE04EC0-301F-11D3-BF4B-00C04F79EFBC}") = "Message-Board-Application", "Message-Board-Application\Message-Board-Application.csproj", "{F7838AC3-C166-45B2-B339-86F6FB730068}"
EndProject
Global
	GlobalSection(SolutionConfigurationPlatforms) = preSolution
		Debug|Any CPU = Debug|Any CPU
		Release|Any CPU = Release|Any CPU
	EndGlobalSection
	GlobalSection(ProjectConfigurationPlatforms) = postSolution
		{F7838AC3-C166-45B2-B339-86F6FB730068}.Debug|Any CPU.ActiveCfg = Debug|Any CPU
		{F7838AC3-C166-45B2-B339-86F6FB730068}.Debug|Any CPU.Build.0 = Debug|Any CPU
		{F7838AC3-C166-45B2-B339-86F6FB730068}.Release|Any CPU.ActiveCfg = Release|Any CPU
		{F7838AC3-C166-45B2-B339-86F6FB730068}.Release|Any CPU.Build.0 = Release|Any CPU
	EndGlobalSection
	GlobalSection(SolutionProperties) = preSolution
		HideSolutionNode = FALSE
	EndGlobalSection
	GlobalSection(ExtensibilityGlobals) = postSolution
		SolutionGuid = {61D5D5BE-50B6-45BC-94D8-85B92EE01E81}
	EndGlobalSection
EndGlobal
